
Microsoft Visual Studio Solution File, Format Version 12.00
# Visual Studio Version 17
VisualStudioVersion = 17.10.35013.160
MinimumVisualStudioVersion = 10.0.40219.1
Project("{FAE04EC0-301F-11D3-BF4B-00C04F79EFBC}") = "Ordenacao", "Ordenacao.csproj", "{DF0C50DB-7625-4A04-89AB-D815898F7C43}"
EndProject
Global
	GlobalSection(SolutionConfigurationPlatforms) = preSolution
		Debug|Any CPU = Debug|Any CPU
		Release|Any CPU = Release|Any CPU
	EndGlobalSection
	GlobalSection(ProjectConfigurationPlatforms) = postSolution
		{DF0C50DB-7625-4A04-89AB-D815898F7C43}.Debug|Any CPU.ActiveCfg = Debug|Any CPU
		{DF0C50DB-7625-4A04-89AB-D815898F7C43}.Debug|Any CPU.Build.0 = Debug|Any CPU
		{DF0C50DB-7625-4A04-89AB-D815898F7C43}.Release|Any CPU.ActiveCfg = Release|Any CPU
		{DF0C50DB-7625-4A04-89AB-D815898F7C43}.Release|Any CPU.Build.0 = Release|Any CPU
	EndGlobalSection
	GlobalSection(SolutionProperties) = preSolution
		HideSolutionNode = FALSE
	EndGlobalSection
	GlobalSection(ExtensibilityGlobals) = postSolution
		SolutionGuid = {8FF0F05B-0AA9-4C76-8B64-33DB82300111}
	EndGlobalSection
EndGlobal
