
Microsoft Visual Studio Solution File, Format Version 12.00
# Visual Studio Version 17
VisualStudioVersion = 17.10.35013.160
MinimumVisualStudioVersion = 10.0.40219.1
Project("{FAE04EC0-301F-11D3-BF4B-00C04F79EFBC}") = "Exercicie1-MissingNumber", "Exercicie1-MissingNumber.csproj", "{D3E94D27-5F70-4F87-ABD1-0DDF192D8101}"
EndProject
Global
	GlobalSection(SolutionConfigurationPlatforms) = preSolution
		Debug|Any CPU = Debug|Any CPU
		Release|Any CPU = Release|Any CPU
	EndGlobalSection
	GlobalSection(ProjectConfigurationPlatforms) = postSolution
		{D3E94D27-5F70-4F87-ABD1-0DDF192D8101}.Debug|Any CPU.ActiveCfg = Debug|Any CPU
		{D3E94D27-5F70-4F87-ABD1-0DDF192D8101}.Debug|Any CPU.Build.0 = Debug|Any CPU
		{D3E94D27-5F70-4F87-ABD1-0DDF192D8101}.Release|Any CPU.ActiveCfg = Release|Any CPU
		{D3E94D27-5F70-4F87-ABD1-0DDF192D8101}.Release|Any CPU.Build.0 = Release|Any CPU
	EndGlobalSection
	GlobalSection(SolutionProperties) = preSolution
		HideSolutionNode = FALSE
	EndGlobalSection
	GlobalSection(ExtensibilityGlobals) = postSolution
		SolutionGuid = {4AC47EFB-871C-4131-86C4-E6855F5E44E3}
	EndGlobalSection
EndGlobal
